
Microsoft Visual Studio Solution File, Format Version 12.00
# Visual Studio Version 17
VisualStudioVersion = 17.2.32630.192
MinimumVisualStudioVersion = 10.0.40219.1
Project("{9A19103F-16F7-4668-BE54-9A1E7A4F7556}") = "TimeCard", "TimeCard.csproj", "{65C72840-E1C3-4CAB-86FC-2303DA4C97C5}"
EndProject
Project("{54435603-DBB4-11D2-8724-00A0C9A8B90C}") = "TimeCard Installer", "..\TimeCard Installer\TimeCard Installer.vdproj", "{D1CC62D5-FB81-4A91-AD7A-CE7F55200605}"
EndProject
Global
	GlobalSection(SolutionConfigurationPlatforms) = preSolution
		Debug|Any CPU = Debug|Any CPU
		Release|Any CPU = Release|Any CPU
	EndGlobalSection
	GlobalSection(ProjectConfigurationPlatforms) = postSolution
		{65C72840-E1C3-4CAB-86FC-2303DA4C97C5}.Debug|Any CPU.ActiveCfg = Debug|Any CPU
		{65C72840-E1C3-4CAB-86FC-2303DA4C97C5}.Debug|Any CPU.Build.0 = Debug|Any CPU
		{65C72840-E1C3-4CAB-86FC-2303DA4C97C5}.Release|Any CPU.ActiveCfg = Release|Any CPU
		{65C72840-E1C3-4CAB-86FC-2303DA4C97C5}.Release|Any CPU.Build.0 = Release|Any CPU
		{D1CC62D5-FB81-4A91-AD7A-CE7F55200605}.Debug|Any CPU.ActiveCfg = Debug
		{D1CC62D5-FB81-4A91-AD7A-CE7F55200605}.Release|Any CPU.ActiveCfg = Release
	EndGlobalSection
	GlobalSection(SolutionProperties) = preSolution
		HideSolutionNode = FALSE
	EndGlobalSection
	GlobalSection(ExtensibilityGlobals) = postSolution
		SolutionGuid = {FA497965-3753-4547-B190-778A9C5C450C}
	EndGlobalSection
EndGlobal
